
Microsoft Visual Studio Solution File, Format Version 12.00
# Visual Studio Version 16
VisualStudioVersion = 16.0.30114.105
MinimumVisualStudioVersion = 10.0.40219.1
Project("{FAE04EC0-301F-11D3-BF4B-00C04F79EFBC}") = "API", "API\API.csproj", "{41BFA846-0EAA-4509-9973-A81B0830F508}"
EndProject
Project("{FAE04EC0-301F-11D3-BF4B-00C04F79EFBC}") = "Application", "Application\Application.csproj", "{E1457F83-43B4-4CB2-8203-8A5B94BA55F6}"
EndProject
Project("{FAE04EC0-301F-11D3-BF4B-00C04F79EFBC}") = "Persistance", "Persistance\Persistance.csproj", "{F898DD1A-CDF0-4CA0-8A0A-A99BA9601622}"
EndProject
Project("{FAE04EC0-301F-11D3-BF4B-00C04F79EFBC}") = "Domain", "Domain\Domain.csproj", "{1FD645E3-FC56-4373-8F70-4746C23DE5E3}"
EndProject
Global
	GlobalSection(SolutionConfigurationPlatforms) = preSolution
		Debug|Any CPU = Debug|Any CPU
		Release|Any CPU = Release|Any CPU
	EndGlobalSection
	GlobalSection(SolutionProperties) = preSolution
		HideSolutionNode = FALSE
	EndGlobalSection
	GlobalSection(ProjectConfigurationPlatforms) = postSolution
		{41BFA846-0EAA-4509-9973-A81B0830F508}.Debug|Any CPU.ActiveCfg = Debug|Any CPU
		{41BFA846-0EAA-4509-9973-A81B0830F508}.Debug|Any CPU.Build.0 = Debug|Any CPU
		{41BFA846-0EAA-4509-9973-A81B0830F508}.Release|Any CPU.ActiveCfg = Release|Any CPU
		{41BFA846-0EAA-4509-9973-A81B0830F508}.Release|Any CPU.Build.0 = Release|Any CPU
		{E1457F83-43B4-4CB2-8203-8A5B94BA55F6}.Debug|Any CPU.ActiveCfg = Debug|Any CPU
		{E1457F83-43B4-4CB2-8203-8A5B94BA55F6}.Debug|Any CPU.Build.0 = Debug|Any CPU
		{E1457F83-43B4-4CB2-8203-8A5B94BA55F6}.Release|Any CPU.ActiveCfg = Release|Any CPU
		{E1457F83-43B4-4CB2-8203-8A5B94BA55F6}.Release|Any CPU.Build.0 = Release|Any CPU
		{F898DD1A-CDF0-4CA0-8A0A-A99BA9601622}.Debug|Any CPU.ActiveCfg = Debug|Any CPU
		{F898DD1A-CDF0-4CA0-8A0A-A99BA9601622}.Debug|Any CPU.Build.0 = Debug|Any CPU
		{F898DD1A-CDF0-4CA0-8A0A-A99BA9601622}.Release|Any CPU.ActiveCfg = Release|Any CPU
		{F898DD1A-CDF0-4CA0-8A0A-A99BA9601622}.Release|Any CPU.Build.0 = Release|Any CPU
		{1FD645E3-FC56-4373-8F70-4746C23DE5E3}.Debug|Any CPU.ActiveCfg = Debug|Any CPU
		{1FD645E3-FC56-4373-8F70-4746C23DE5E3}.Debug|Any CPU.Build.0 = Debug|Any CPU
		{1FD645E3-FC56-4373-8F70-4746C23DE5E3}.Release|Any CPU.ActiveCfg = Release|Any CPU
		{1FD645E3-FC56-4373-8F70-4746C23DE5E3}.Release|Any CPU.Build.0 = Release|Any CPU
	EndGlobalSection
EndGlobal
